
Microsoft Visual Studio Solution File, Format Version 12.00
# Visual Studio Version 17
VisualStudioVersion = 17.7.34018.315
MinimumVisualStudioVersion = 10.0.40219.1
Project("{9A19103F-16F7-4668-BE54-9A1E7A4F7556}") = "Restaurante.Application", "Restaurante.Application\Restaurante.Application.csproj", "{0C0D50E3-DEF5-4066-9D4A-023C6705F757}"
EndProject
Project("{9A19103F-16F7-4668-BE54-9A1E7A4F7556}") = "Restaurante.Domain", "Restaurante.Domain\Restaurante.Domain.csproj", "{69B141E6-BD3F-4BFE-A436-B1E1C4442245}"
EndProject
Project("{9A19103F-16F7-4668-BE54-9A1E7A4F7556}") = "Restaurante.Infrastructure", "Restaurante.Infrastructure\Restaurante.Infrastructure.csproj", "{8121E885-199D-40B9-9383-3C318FF37406}"
EndProject
Project("{FAE04EC0-301F-11D3-BF4B-00C04F79EFBC}") = "Restaurante.API", "Restaurante.API\Restaurante.API.csproj", "{987C4993-40B7-4C28-A30F-1BB700AEDCAC}"
EndProject
Global
	GlobalSection(SolutionConfigurationPlatforms) = preSolution
		Debug|Any CPU = Debug|Any CPU
		Release|Any CPU = Release|Any CPU
	EndGlobalSection
	GlobalSection(ProjectConfigurationPlatforms) = postSolution
		{0C0D50E3-DEF5-4066-9D4A-023C6705F757}.Debug|Any CPU.ActiveCfg = Debug|Any CPU
		{0C0D50E3-DEF5-4066-9D4A-023C6705F757}.Debug|Any CPU.Build.0 = Debug|Any CPU
		{0C0D50E3-DEF5-4066-9D4A-023C6705F757}.Release|Any CPU.ActiveCfg = Release|Any CPU
		{0C0D50E3-DEF5-4066-9D4A-023C6705F757}.Release|Any CPU.Build.0 = Release|Any CPU
		{69B141E6-BD3F-4BFE-A436-B1E1C4442245}.Debug|Any CPU.ActiveCfg = Debug|Any CPU
		{69B141E6-BD3F-4BFE-A436-B1E1C4442245}.Debug|Any CPU.Build.0 = Debug|Any CPU
		{69B141E6-BD3F-4BFE-A436-B1E1C4442245}.Release|Any CPU.ActiveCfg = Release|Any CPU
		{69B141E6-BD3F-4BFE-A436-B1E1C4442245}.Release|Any CPU.Build.0 = Release|Any CPU
		{8121E885-199D-40B9-9383-3C318FF37406}.Debug|Any CPU.ActiveCfg = Debug|Any CPU
		{8121E885-199D-40B9-9383-3C318FF37406}.Debug|Any CPU.Build.0 = Debug|Any CPU
		{8121E885-199D-40B9-9383-3C318FF37406}.Release|Any CPU.ActiveCfg = Release|Any CPU
		{8121E885-199D-40B9-9383-3C318FF37406}.Release|Any CPU.Build.0 = Release|Any CPU
		{987C4993-40B7-4C28-A30F-1BB700AEDCAC}.Debug|Any CPU.ActiveCfg = Debug|Any CPU
		{987C4993-40B7-4C28-A30F-1BB700AEDCAC}.Debug|Any CPU.Build.0 = Debug|Any CPU
		{987C4993-40B7-4C28-A30F-1BB700AEDCAC}.Release|Any CPU.ActiveCfg = Release|Any CPU
		{987C4993-40B7-4C28-A30F-1BB700AEDCAC}.Release|Any CPU.Build.0 = Release|Any CPU
	EndGlobalSection
	GlobalSection(SolutionProperties) = preSolution
		HideSolutionNode = FALSE
	EndGlobalSection
	GlobalSection(ExtensibilityGlobals) = postSolution
		SolutionGuid = {4CD9B8DD-4599-4BF4-BDAB-7D1C0AEAA470}
	EndGlobalSection
EndGlobal
